# THIS IS AN AUTOGENERATED FILE. DO NOT EDIT THIS FILE DIRECTLY.
# yarn lockfile v1


"@babel/parser@^7.15.0":
  version "7.15.7"
  resolved "https://registry.nlark.com/@babel/parser/download/@babel/parser-7.15.7.tgz?cache=0&sync_timestamp=1631920112644&other_urls=https%3A%2F%2Fregistry.nlark.com%2F%40babel%2Fparser%2Fdownload%2F%40babel%2Fparser-7.15.7.tgz#0c3ed4a2eb07b165dfa85b3cc45c727334c4edae"
  integrity sha1-DD7UousHsWXfqFs8xFxyczTE7a4=

"@vue/compiler-core@3.2.13":
  version "3.2.13"
  resolved "https://registry.nlark.com/@vue/compiler-core/download/@vue/compiler-core-3.2.13.tgz#901268088b98a53c43be0f02bfa0e3a389ad6bf4"
  integrity sha1-kBJoCIuYpTxDvg8Cv6Djo4mta/Q=
  dependencies:
    "@babel/parser" "^7.15.0"
    "@vue/shared" "3.2.13"
    estree-walker "^2.0.2"
    source-map "^0.6.1"

"@vue/compiler-dom@3.2.13":
  version "3.2.13"
  resolved "https://registry.nlark.com/@vue/compiler-dom/download/@vue/compiler-dom-3.2.13.tgz#028982494fb9d97807d5275b42355732686f8ed7"
  integrity sha1-AomCSU+52XgH1SdbQjVXMmhvjtc=
  dependencies:
    "@vue/compiler-core" "3.2.13"
    "@vue/shared" "3.2.13"

"@vue/compiler-sfc@3.2.13":
  version "3.2.13"
  resolved "https://registry.nlark.com/@vue/compiler-sfc/download/@vue/compiler-sfc-3.2.13.tgz#a38475048aad9c96cf04dfe635129b417e0f9295"
  integrity sha1-o4R1BIqtnJbPBN/mNRKbQX4PkpU=
  dependencies:
    "@babel/parser" "^7.15.0"
    "@vue/compiler-core" "3.2.13"
    "@vue/compiler-dom" "3.2.13"
    "@vue/compiler-ssr" "3.2.13"
    "@vue/ref-transform" "3.2.13"
    "@vue/shared" "3.2.13"
    estree-walker "^2.0.2"
    magic-string "^0.25.7"
    postcss "^8.1.10"
    source-map "^0.6.1"

"@vue/compiler-ssr@3.2.13":
  version "3.2.13"
  resolved "https://registry.nlark.com/@vue/compiler-ssr/download/@vue/compiler-ssr-3.2.13.tgz#98434672e0b488c2affa4b0570731d6be5cda187"
  integrity sha1-mENGcuC0iMKv+ksFcHMda+XNoYc=
  dependencies:
    "@vue/compiler-dom" "3.2.13"
    "@vue/shared" "3.2.13"

"@vue/reactivity@3.2.13":
  version "3.2.13"
  resolved "https://registry.nlark.com/@vue/reactivity/download/@vue/reactivity-3.2.13.tgz#d269b09aaafef06a91bf3eb98defd41a2c3daf54"
  integrity sha1-0mmwmqr+8GqRvz65je/UGiw9r1Q=
  dependencies:
    "@vue/shared" "3.2.13"

"@vue/ref-transform@3.2.13":
  version "3.2.13"
  resolved "https://registry.nlark.com/@vue/ref-transform/download/@vue/ref-transform-3.2.13.tgz#6adfce50d388cc03683d9d2ba58f3a3bde5166f4"
  integrity sha1-at/OUNOIzANoPZ0rpY86O95RZvQ=
  dependencies:
    "@babel/parser" "^7.15.0"
    "@vue/compiler-core" "3.2.13"
    "@vue/shared" "3.2.13"
    estree-walker "^2.0.2"
    magic-string "^0.25.7"

"@vue/runtime-core@3.2.13":
  version "3.2.13"
  resolved "https://registry.nlark.com/@vue/runtime-core/download/@vue/runtime-core-3.2.13.tgz#8b62f92642e56af71d0d35a9f0065daf6f9eb3fb"
  integrity sha1-i2L5JkLlavcdDTWp8AZdr2+es/s=
  dependencies:
    "@vue/reactivity" "3.2.13"
    "@vue/shared" "3.2.13"

"@vue/runtime-dom@3.2.13":
  version "3.2.13"
  resolved "https://registry.nlark.com/@vue/runtime-dom/download/@vue/runtime-dom-3.2.13.tgz#238f517a75765719f8373409cee853775c636f92"
  integrity sha1-I49RenV2Vxn4NzQJzuhTd1xjb5I=
  dependencies:
    "@vue/runtime-core" "3.2.13"
    "@vue/shared" "3.2.13"
    csstype "^2.6.8"

"@vue/server-renderer@3.2.13":
  version "3.2.13"
  resolved "https://registry.nlark.com/@vue/server-renderer/download/@vue/server-renderer-3.2.13.tgz#b10a564be67eec6721f90b36c3c817c19e6064b4"
  integrity sha1-sQpWS+Z+7Gch+Qs2w8gXwZ5gZLQ=
  dependencies:
    "@vue/compiler-ssr" "3.2.13"
    "@vue/shared" "3.2.13"

"@vue/shared@3.2.13":
  version "3.2.13"
  resolved "https://registry.nlark.com/@vue/shared/download/@vue/shared-3.2.13.tgz#c830ef966d7af12598e0ea862a55695ea589cd47"
  integrity sha1-yDDvlm168SWY4OqGKlVpXqWJzUc=

csstype@^2.6.8:
  version "2.6.18"
  resolved "https://registry.nlark.com/csstype/download/csstype-2.6.18.tgz#980a8b53085f34af313410af064f2bd241784218"
  integrity sha1-mAqLUwhfNK8xNBCvBk8r0kF4Qhg=

estree-walker@^2.0.2:
  version "2.0.2"
  resolved "https://registry.npm.taobao.org/estree-walker/download/estree-walker-2.0.2.tgz?cache=0&sync_timestamp=1611956983677&other_urls=https%3A%2F%2Fregistry.npm.taobao.org%2Festree-walker%2Fdownload%2Festree-walker-2.0.2.tgz#52f010178c2a4c117a7757cfe942adb7d2da4cac"
  integrity sha1-UvAQF4wqTBF6d1fP6UKtt9LaTKw=

magic-string@^0.25.7:
  version "0.25.7"
  resolved "https://registry.nlark.com/magic-string/download/magic-string-0.25.7.tgz?cache=0&sync_timestamp=1618847046304&other_urls=https%3A%2F%2Fregistry.nlark.com%2Fmagic-string%2Fdownload%2Fmagic-string-0.25.7.tgz#3f497d6fd34c669c6798dcb821f2ef31f5445051"
  integrity sha1-P0l9b9NMZpxnmNy4IfLvMfVEUFE=
  dependencies:
    sourcemap-codec "^1.4.4"

nanocolors@^0.1.5:
  version "0.1.6"
  resolved "https://registry.nlark.com/nanocolors/download/nanocolors-0.1.6.tgz?cache=0&sync_timestamp=1632297859314&other_urls=https%3A%2F%2Fregistry.nlark.com%2Fnanocolors%2Fdownload%2Fnanocolors-0.1.6.tgz#bc2350d3edfdbfadd7ac018c855ae7c13905a6ad"
  integrity sha1-vCNQ0+39v63XrAGMhVrnwTkFpq0=

nanoid@^3.1.25:
  version "3.1.25"
  resolved "https://registry.nlark.com/nanoid/download/nanoid-3.1.25.tgz?cache=0&sync_timestamp=1628771965808&other_urls=https%3A%2F%2Fregistry.nlark.com%2Fnanoid%2Fdownload%2Fnanoid-3.1.25.tgz#09ca32747c0e543f0e1814b7d3793477f9c8e152"
  integrity sha1-CcoydHwOVD8OGBS303k0d/nI4VI=

postcss@^8.1.10:
  version "8.3.7"
  resolved "https://registry.nlark.com/postcss/download/postcss-8.3.7.tgz?cache=0&sync_timestamp=1632290110193&other_urls=https%3A%2F%2Fregistry.nlark.com%2Fpostcss%2Fdownload%2Fpostcss-8.3.7.tgz#ec88563588c8da8e58e7226f7633b51ae221eeda"
  integrity sha1-7IhWNYjI2o5Y5yJvdjO1GuIh7to=
  dependencies:
    nanocolors "^0.1.5"
    nanoid "^3.1.25"
    source-map-js "^0.6.2"

source-map-js@^0.6.2:
  version "0.6.2"
  resolved "https://registry.nlark.com/source-map-js/download/source-map-js-0.6.2.tgz#0bb5de631b41cfbda6cfba8bd05a80efdfd2385e"
  integrity sha1-C7XeYxtBz72mz7qL0FqA79/SOF4=

source-map@^0.6.1:
  version "0.6.1"
  resolved "https://registry.nlark.com/source-map/download/source-map-0.6.1.tgz#74722af32e9614e9c287a8d0bbde48b5e2f1a263"
  integrity sha1-dHIq8y6WFOnCh6jQu95IteLxomM=

sourcemap-codec@^1.4.4:
  version "1.4.8"
  resolved "https://registry.nlark.com/sourcemap-codec/download/sourcemap-codec-1.4.8.tgz#ea804bd94857402e6992d05a38ef1ae35a9ab4c4"
  integrity sha1-6oBL2UhXQC5pktBaOO8a41qatMQ=

vue@^3.0.5:
  version "3.2.13"
  resolved "https://registry.nlark.com/vue/download/vue-3.2.13.tgz#9d1a94fc62dc29ae21a3dd0d8ee24198e421671e"
  integrity sha1-nRqU/GLcKa4ho90NjuJBmOQhZx4=
  dependencies:
    "@vue/compiler-dom" "3.2.13"
    "@vue/compiler-sfc" "3.2.13"
    "@vue/runtime-dom" "3.2.13"
    "@vue/server-renderer" "3.2.13"
    "@vue/shared" "3.2.13"
