# THIS IS AN AUTOGENERATED FILE. DO NOT EDIT THIS FILE DIRECTLY.
# yarn lockfile v1


"@monaco-editor/loader@^1.3.3":
  version "1.3.3"
  resolved "https://registry.npmjs.org/@monaco-editor/loader/-/loader-1.3.3.tgz#7f1742bd3cc21c0362a46a4056317f6e5215cfca"
  integrity sha512-6KKF4CTzcJiS8BJwtxtfyYt9shBiEv32ateQ9T4UVogwn4HM/uPo9iJd2Dmbkpz8CM6Y0PDUpjnZzCwC+eYo2Q==
  dependencies:
    state-local "^1.0.6"

monaco-editor@^0.38.0:
  version "0.38.0"
  resolved "https://registry.npmjs.org/monaco-editor/-/monaco-editor-0.38.0.tgz#7b3cd16f89b1b8867fcd3c96e67fccee791ff05c"
  integrity sha512-11Fkh6yzEmwx7O0YoLxeae0qEGFwmyPRlVxpg7oF9czOOCB/iCjdJrG5I67da5WiXK3YJCxoz9TJFE8Tfq/v9A==

state-local@^1.0.6:
  version "1.0.7"
  resolved "https://registry.npmjs.org/state-local/-/state-local-1.0.7.tgz#da50211d07f05748d53009bee46307a37db386d5"
  integrity sha512-HTEHMNieakEnoe33shBYcZ7NX83ACUjCu8c40iOGEZsngj9zRnkqS9j1pqQPXwobB0ZcVTk27REb7COQ0UR59w==
